github.com/BurntSushi/toml v0.3.1 h1:WXkYYl6Yr3qBf1K79EBnL4mak0OimBfB0XUf9Vl28OQ=
github.com/BurntSushi/toml v0.3.1/go.mod h1:xHWCNGjB5oqiDr8zfno3MHue2Ht5sIBksp03qcyfWMU=
github.com/kataras/golog v0.0.10 h1:vRDRUmwacco/pmBAm8geLn8rHEdc+9Z4NAr5Sh7TG/4=
github.com/kataras/golog v0.0.10/go.mod h1:yJ8YKCmyL+nWjERB90Qwn+bdyBZsaQwU3bTVFgkFIp8=
github.com/kataras/pio v0.0.2 h1:6NAi+uPJ/Zuid6mrAKlgpbI11/zK/lV4B2rxWaJN98Y=
github.com/kataras/pio v0.0.2/go.mod h1:hAoW0t9UmXi4R5Oyq5Z4irTbaTsOemSrDGUtaTl7Dro=
github.com/seefan/goerr v1.0.0 h1:07ljQS0bIDBJx/zBq1WAsm9RQEmYLXE4wNwS229SUaU=
github.com/seefan/goerr v1.0.0/go.mod h1:gipDsSn2T2Jwf0q9bl6K0CGyhvfNZiI8/Bi0MfsS258=
github.com/seefan/goerr v1.1.2 h1:rLUrQeJY1FRYd2WIsZDr7mr0F58gKPSnCvtBjj00b3Q=
github.com/seefan/goerr v1.1.2/go.mod h1:gipDsSn2T2Jwf0q9bl6K0CGyhvfNZiI8/Bi0MfsS258=
github.com/seefan/gopool v1.0.0 h1:O7piz08vy7fG9r7eMxHIzqquSyZcLDyY4vyUAFW1wSE=
github.com/seefan/gopool v1.0.0/go.mod h1:qeEwXCZZiKI7K2lY/axLyYpduwy7b4JgC8IZaLQVLiA=
github.com/seefan/gopool v1.0.1 h1:t5jjdo3ZnGwPEU+fTfISrvyUwxZlIkEvDgjvpztGvDY=
github.com/seefan/gopool v1.0.1/go.mod h1:qeEwXCZZiKI7K2lY/axLyYpduwy7b4JgC8IZaLQVLiA=
github.com/seefan/gossdb v1.1.2 h1:rl3ldjr3J0A490+hVUlu/qH3vKkDGiXUFU8ZU1FzQ3Q=
github.com/seefan/gossdb v1.1.2/go.mod h1:J+JclKAhN7G05WLLIC+o1ktx8ucexWa2D/UWLEMXSgo=
github.com/zlyuancn/zlog2 v0.0.0-20191224092435-704870d6832e h1:W3O4UEj59qYR/w9wJ+be3bYVb1L+JsdbdctbRcJ6O/M=
github.com/zlyuancn/zlog2 v0.0.0-20191224092435-704870d6832e/go.mod h1:LivyG2Lsgp7s3dGlGDjptGcAhOSr+f+cIWfU/SPeWkI=
golang.org/x/sys v0.0.0-20191220220014-0732a990476f h1:72l8qCJ1nGxMGH26QVBVIxKd/D34cfGt0OvrPtpemyY=
golang.org/x/sys v0.0.0-20191220220014-0732a990476f/go.mod h1:h1NjWce9XRLGQEsW7wpKNCjG9DtNlClVuFLEZdDNbEs=
gopkg.in/check.v1 v0.0.0-20161208181325-20d25e280405 h1:yhCVgyC4o1eVCa2tZl7eS0r+SDo693bJlVdllGtEeKM=
gopkg.in/check.v1 v0.0.0-20161208181325-20d25e280405/go.mod h1:Co6ibVJAznAaIkqp8huTwlJQCZ016jof/cbN4VW5Yz0=
gopkg.in/natefinch/lumberjack.v2 v2.0.0 h1:1Lc07Kr7qY4U2YPouBjpCLxpiyxIVoxqXgkXLknAOE8=
gopkg.in/natefinch/lumberjack.v2 v2.0.0/go.mod h1:l0ndWWf7gzL7RNwBG7wST/UCcT4T24xpD6X8LsfU/+k=
gopkg.in/yaml.v2 v2.2.7 h1:VUgggvou5XRW9mHwD/yXxIYSMtY0zoKQf/v226p2nyo=
gopkg.in/yaml.v2 v2.2.7/go.mod h1:hI93XBmqTisBFMUTm0b8Fm+jr3Dg1NNxqwp+5A1VGuI=
